
Microsoft Visual Studio Solution File, Format Version 12.00
# Visual Studio Version 17
VisualStudioVersion = 17.0.31903.59
MinimumVisualStudioVersion = 10.0.40219.1
Project("{2150E333-8FDC-42A3-9474-1A3956D46DE8}") = "src", "src", "{2500AD41-2201-4E29-BDA2-B0090C3D5629}"
EndProject
Project("{FAE04EC0-301F-11D3-BF4B-00C04F79EFBC}") = "PowerShellAssistant", "src\PowerShellAssistant\PowerShellAssistant.csproj", "{DD35EB37-A1E7-441B-98F9-D2C75C455739}"
EndProject
Global
	GlobalSection(SolutionConfigurationPlatforms) = preSolution
		Debug|Any CPU = Debug|Any CPU
		Release|Any CPU = Release|Any CPU
	EndGlobalSection
	GlobalSection(SolutionProperties) = preSolution
		HideSolutionNode = FALSE
	EndGlobalSection
	GlobalSection(ProjectConfigurationPlatforms) = postSolution
		{DD35EB37-A1E7-441B-98F9-D2C75C455739}.Debug|Any CPU.ActiveCfg = Debug|Any CPU
		{DD35EB37-A1E7-441B-98F9-D2C75C455739}.Debug|Any CPU.Build.0 = Debug|Any CPU
		{DD35EB37-A1E7-441B-98F9-D2C75C455739}.Release|Any CPU.ActiveCfg = Release|Any CPU
		{DD35EB37-A1E7-441B-98F9-D2C75C455739}.Release|Any CPU.Build.0 = Release|Any CPU
	EndGlobalSection
	GlobalSection(NestedProjects) = preSolution
		{DD35EB37-A1E7-441B-98F9-D2C75C455739} = {2500AD41-2201-4E29-BDA2-B0090C3D5629}
	EndGlobalSection
EndGlobal
